PODS:
  - Auth0 (2.7.2):
    - JWTDecode (~> 3.1)
    - SimpleKeychain (~> 1.1)
  - auth0_flutter (1.7.2):
    - Auth0 (= 2.7.2)
    - Flutter
    - FlutterMacOS
    - JWTDecode (= 3.1.0)
    - SimpleKeychain (= 1.1.0)
  - connectivity_plus (0.0.1):
    - Flutter
    - FlutterMacOS
  - Flutter (1.0.0)
  - flutter_native_splash (0.0.1):
    - Flutter
  - JWTDecode (3.1.0)
  - path_provider_foundation (0.0.1):
    - Flutter
    - FlutterMacOS
  - SimpleKeychain (1.1.0)
  - url_launcher_ios (0.0.1):
    - Flutter

DEPENDENCIES:
  - auth0_flutter (from `.symlinks/plugins/auth0_flutter/darwin`)
  - connectivity_plus (from `.symlinks/plugins/connectivity_plus/darwin`)
  - Flutter (from `Flutter`)
  - flutter_native_splash (from `.symlinks/plugins/flutter_native_splash/ios`)
  - path_provider_foundation (from `.symlinks/plugins/path_provider_foundation/darwin`)
  - url_launcher_ios (from `.symlinks/plugins/url_launcher_ios/ios`)

SPEC REPOS:
  trunk:
    - Auth0
    - JWTDecode
    - SimpleKeychain

EXTERNAL SOURCES:
  auth0_flutter:
    :path: ".symlinks/plugins/auth0_flutter/darwin"
  connectivity_plus:
    :path: ".symlinks/plugins/connectivity_plus/darwin"
  Flutter:
    :path: Flutter
  flutter_native_splash:
    :path: ".symlinks/plugins/flutter_native_splash/ios"
  path_provider_foundation:
    :path: ".symlinks/plugins/path_provider_foundation/darwin"
  url_launcher_ios:
    :path: ".symlinks/plugins/url_launcher_ios/ios"

SPEC CHECKSUMS:
  Auth0: 28cb24cb19ebd51f0b07751f16d83b59f4019532
  auth0_flutter: 7b99a56cc3aef5ca4e0a2a6f1f4e6c4e105dcc2d
  connectivity_plus: b21496ab28d1324eb59885d888a4d83b98531f01
  Flutter: cabc95a1d2626b1b06e7179b784ebcf0c0cde467
  flutter_native_splash: 35ddbc7228eafcb3969dcc5f1fbbe27c1145a4f0
  JWTDecode: 3eaab1e06b6f4dcbdd6716aff09ba4c2104ca8b7
  path_provider_foundation: 080d55be775b7414fd5a5ef3ac137b97b097e564
  SimpleKeychain: f8707c8e97b38c6a6e687b17732afc9bcef06439
  url_launcher_ios: 694010445543906933d732453a59da0a173ae33d

PODFILE CHECKSUM: 3c63482e143d1b91d2d2560aee9fb04ecc74ac7e

COCOAPODS: 1.16.2
